Microsoft Visual Studio Solution File, Format Version 11.00
# Visual Studio 2008

Project("{30451F58-5350-A813-C5C8-D219F412461F}") = "6.21", "Assembly-CSharp-firstpass-vs.csproj", "{47B234E5-6C68-B6A1-BF34-565B3296FDDA}"
EndProject
Project("{30451F58-5350-A813-C5C8-D219F412461F}") = "6.21", "Assembly-CSharp-vs.csproj", "{3194C66A-69D7-07E5-5CFC-D0E9E7A8ADF5}"
EndProject
Project("{30451F58-5350-A813-C5C8-D219F412461F}") = "6.21", "Assembly-CSharp-Editor-vs.csproj", "{BABFA3EF-38D1-21D5-A1D4-7A6694C1BD22}"
EndProject
Global
	GlobalSection(SolutionConfigurationPlatforms) = preSolution
		Debug|Any CPU = Debug|Any CPU
		Release|Any CPU = Release|Any CPU
	EndGlobalSection
	GlobalSection(ProjectConfigurationPlatforms) = postSolution
		{47B234E5-6C68-B6A1-BF34-565B3296FDDA}.Debug|Any CPU.ActiveCfg = Debug|Any CPU
		{47B234E5-6C68-B6A1-BF34-565B3296FDDA}.Debug|Any CPU.Build.0 = Debug|Any CPU
		{47B234E5-6C68-B6A1-BF34-565B3296FDDA}.Release|Any CPU.ActiveCfg = Release|Any CPU
		{47B234E5-6C68-B6A1-BF34-565B3296FDDA}.Release|Any CPU.Build.0 = Release|Any CPU
		{3194C66A-69D7-07E5-5CFC-D0E9E7A8ADF5}.Debug|Any CPU.ActiveCfg = Debug|Any CPU
		{3194C66A-69D7-07E5-5CFC-D0E9E7A8ADF5}.Debug|Any CPU.Build.0 = Debug|Any CPU
		{3194C66A-69D7-07E5-5CFC-D0E9E7A8ADF5}.Release|Any CPU.ActiveCfg = Release|Any CPU
		{3194C66A-69D7-07E5-5CFC-D0E9E7A8ADF5}.Release|Any CPU.Build.0 = Release|Any CPU
		{BABFA3EF-38D1-21D5-A1D4-7A6694C1BD22}.Debug|Any CPU.ActiveCfg = Debug|Any CPU
		{BABFA3EF-38D1-21D5-A1D4-7A6694C1BD22}.Debug|Any CPU.Build.0 = Debug|Any CPU
		{BABFA3EF-38D1-21D5-A1D4-7A6694C1BD22}.Release|Any CPU.ActiveCfg = Release|Any CPU
		{BABFA3EF-38D1-21D5-A1D4-7A6694C1BD22}.Release|Any CPU.Build.0 = Release|Any CPU
	EndGlobalSection
	GlobalSection(SolutionProperties) = preSolution
		HideSolutionNode = FALSE
	EndGlobalSection
																																GlobalSection(MonoDevelopProperties) = preSolution
		StartupItem = Assembly-CSharp.csproj
		Policies = $0
		$0.TextStylePolicy = $1
		$1.inheritsSet = null
		$1.scope = text/x-csharp
		$0.CSharpFormattingPolicy = $2
		$2.inheritsSet = Mono
		$2.inheritsScope = text/x-csharp
		$2.scope = text/x-csharp
		$0.TextStylePolicy = $3
		$3.FileWidth = 120
		$3.TabWidth = 4
		$3.EolMarker = Unix
		$3.inheritsSet = Mono
		$3.inheritsScope = text/plain
		$3.scope = text/plain
	EndGlobalSection

EndGlobal
