
Microsoft Visual Studio Solution File, Format Version 12.00
# Visual Studio 2013
Project("{FAE04EC0-301F-11D3-BF4B-00C04F79EFBC}") = "UnityVS.The-Magic-Circle.CSharp.Plugins", "UnityVS.The-Magic-Circle.CSharp.Plugins.csproj", "{6D161899-EEE1-7618-1DAB-FF38DBB84633}"
EndProject
Project("{FAE04EC0-301F-11D3-BF4B-00C04F79EFBC}") = "UnityVS.The-Magic-Circle.CSharp", "UnityVS.The-Magic-Circle.CSharp.csproj", "{0CA1844D-1E52-0127-2933-DE2F4D33479C}"
EndProject
Project("{FAE04EC0-301F-11D3-BF4B-00C04F79EFBC}") = "UnityVS.The-Magic-Circle.CSharp.Editor", "UnityVS.The-Magic-Circle.CSharp.Editor.csproj", "{B5C81360-56C7-9942-CA26-20D43A8F8064}"
EndProject
Global
	GlobalSection(SolutionConfigurationPlatforms) = preSolution
		Debug|Any CPU = Debug|Any CPU
		Release|Any CPU = Release|Any CPU
	EndGlobalSection
	GlobalSection(ProjectConfigurationPlatforms) = postSolution
		{6D161899-EEE1-7618-1DAB-FF38DBB84633}.Debug|Any CPU.ActiveCfg = Debug|Any CPU
		{6D161899-EEE1-7618-1DAB-FF38DBB84633}.Debug|Any CPU.Build.0 = Debug|Any CPU
		{6D161899-EEE1-7618-1DAB-FF38DBB84633}.Release|Any CPU.ActiveCfg = Release|Any CPU
		{6D161899-EEE1-7618-1DAB-FF38DBB84633}.Release|Any CPU.Build.0 = Release|Any CPU
		{0CA1844D-1E52-0127-2933-DE2F4D33479C}.Debug|Any CPU.ActiveCfg = Debug|Any CPU
		{0CA1844D-1E52-0127-2933-DE2F4D33479C}.Debug|Any CPU.Build.0 = Debug|Any CPU
		{0CA1844D-1E52-0127-2933-DE2F4D33479C}.Release|Any CPU.ActiveCfg = Release|Any CPU
		{0CA1844D-1E52-0127-2933-DE2F4D33479C}.Release|Any CPU.Build.0 = Release|Any CPU
		{B5C81360-56C7-9942-CA26-20D43A8F8064}.Debug|Any CPU.ActiveCfg = Debug|Any CPU
		{B5C81360-56C7-9942-CA26-20D43A8F8064}.Debug|Any CPU.Build.0 = Debug|Any CPU
		{B5C81360-56C7-9942-CA26-20D43A8F8064}.Release|Any CPU.ActiveCfg = Release|Any CPU
		{B5C81360-56C7-9942-CA26-20D43A8F8064}.Release|Any CPU.Build.0 = Release|Any CPU
	EndGlobalSection
	GlobalSection(SolutionProperties) = preSolution
		HideSolutionNode = FALSE
	EndGlobalSection
EndGlobal
